{
  "rubocop-ruby2_6.gemspec:2699666776": [
    [19, 32, 10, "Gemspec/RequiredRubyVersion: `required_ruby_version` and `TargetRubyVersion` (2.6, which may be specified in .rubocop.yml) should be equal.", 4072499287]
  ],
  "spec/rubocop/ruby2_6/version_spec.rb:1336623688": [
    [4, 1, 39, "RSpec/SpecFilePathFormat: Spec path should end with `rubocop/ruby26/version*_spec.rb`.", 3924528357],
    [7, 3, 452, "RSpec/ExampleLength: Example has too many lines. [6/5]", 749056317]
  ]
}
