{
  "gemfiles/modular/templating.gemfile:3018447732": [
    [14, 3, 47, "Bundler/DuplicatedGem: Gem `tree_sitter_language_pack` requirements already given on line 10 of the Gemfile.", 3843603197]
  ],
  "rubocop-ruby2_6.gemspec:3045424968": [
    [19, 32, 10, "Gemspec/RequiredRubyVersion: `required_ruby_version` and `TargetRubyVersion` (2.6, which may be specified in .rubocop.yml) should be equal.", 4072499287]
  ],
  "spec/rubocop/ruby2_6/version_spec.rb:576562993": [
    [5, 1, 39, "RSpec/SpecFilePathFormat: Spec path should end with `rubocop/ruby26/version*_spec.rb`.", 3924528357],
    [8, 3, 452, "RSpec/ExampleLength: Example has too many lines. [6/5]", 749056317]
  ]
}
